// !$*UTF8*$!
{
	archiveVersion = 1;
	classes = {
	};
	objectVersion = 50;
	objects = {

/* Begin PBXBuildFile section */
		31FB70488E769C26365B0202 /* Pods_FlixsterTests.framework in Frameworks */ = {isa = PBXBuildFile; fileRef = ACDDCDBFEE4C823F27777727 /* Pods_FlixsterTests.framework */; };
		3AC6E362EA245E94CEA5616E /* Pods_Flixster_FlixsterUITests.framework in Frameworks */ = {isa = PBXBuildFile; fileRef = B1106B6D619BBC43DF77F223 /* Pods_Flixster_FlixsterUITests.framework */; };
		614228A5ECA8F63BD450E322 /* Pods_Flixster.framework in Frameworks */ = {isa = PBXBuildFile; fileRef = B2A0F04C0062731190C6C343 /* Pods_Flixster.framework */; };
		CE1B9C4425218D6800807B3B /* MoviesViewController.swift in Sources */ = {isa = PBXBuildFile; fileRef = CE1B9C4325218D6800807B3B /* MoviesViewController.swift */; };
		CE76B7A62521969F00C4927E /* MovieCell.swift in Sources */ = {isa = PBXBuildFile; fileRef = CE76B7A52521969E00C4927E /* MovieCell.swift */; };
		CEB2FD6625184F750092C6EB /* AppDelegate.swift in Sources */ = {isa = PBXBuildFile; fileRef = CEB2FD6525184F750092C6EB /* AppDelegate.swift */; };
		CEB2FD6825184F750092C6EB /* SceneDelegate.swift in Sources */ = {isa = PBXBuildFile; fileRef = CEB2FD6725184F750092C6EB /* SceneDelegate.swift */; };
		CEB2FD6D25184F760092C6EB /* Main.storyboard in Resources */ = {isa = PBXBuildFile; fileRef = CEB2FD6B25184F760092C6EB /* Main.storyboard */; };
		CEB2FD6F25184F780092C6EB /* Assets.xcassets in Resources */ = {isa = PBXBuildFile; fileRef = CEB2FD6E25184F780092C6EB /* Assets.xcassets */; };
		CEB2FD7225184F780092C6EB /* LaunchScreen.storyboard in Resources */ = {isa = PBXBuildFile; fileRef = CEB2FD7025184F780092C6EB /* LaunchScreen.storyboard */; };
		CEB2FD7D25184F790092C6EB /* FlixsterTests.swift in Sources */ = {isa = PBXBuildFile; fileRef = CEB2FD7C25184F790092C6EB /* FlixsterTests.swift */; };
		CEB2FD8825184F790092C6EB /* FlixsterUITests.swift in Sources */ = {isa = PBXBuildFile; fileRef = CEB2FD8725184F790092C6EB /* FlixsterUITests.swift */; };
/* End PBXBuildFile section */

/* Begin PBXContainerItemProxy section */
		CEB2FD7925184F790092C6EB /* PBXContainerItemProxy */ = {
			isa = PBXContainerItemProxy;
			containerPortal = CEB2FD5A25184F750092C6EB /* Project object */;
			proxyType = 1;
			remoteGlobalIDString = CEB2FD6125184F750092C6EB;
			remoteInfo = Flixster;
		};
		CEB2FD8425184F790092C6EB /* PBXContainerItemProxy */ = {
			isa = PBXContainerItemProxy;
			containerPortal = CEB2FD5A25184F750092C6EB /* Project object */;
			proxyType = 1;
			remoteGlobalIDString = CEB2FD6125184F750092C6EB;
			remoteInfo = Flixster;
		};
/* End PBXContainerItemProxy section */

/* Begin PBXFileReference section */
		181CF72108FF555993C60042 /* Pods-FlixsterTests.debug.xcconfig */ = {isa = PBXFileReference; includeInIndex = 1; lastKnownFileType = text.xcconfig; name = "Pods-FlixsterTests.debug.xcconfig"; path = "Target Support Files/Pods-FlixsterTests/Pods-FlixsterTests.debug.xcconfig"; sourceTree = "<group>"; };
		267666BECDAE6A2FCA239C3C /* Pods-Flixster.release.xcconfig */ = {isa = PBXFileReference; includeInIndex = 1; lastKnownFileType = text.xcconfig; name = "Pods-Flixster.release.xcconfig"; path = "Target Support Files/Pods-Flixster/Pods-Flixster.release.xcconfig"; sourceTree = "<group>"; };
		5355FC9D053EA8FB83121FDF /* Pods-Flixster-FlixsterUITests.debug.xcconfig */ = {isa = PBXFileReference; includeInIndex = 1; lastKnownFileType = text.xcconfig; name = "Pods-Flixster-FlixsterUITests.debug.xcconfig"; path = "Target Support Files/Pods-Flixster-FlixsterUITests/Pods-Flixster-FlixsterUITests.debug.xcconfig"; sourceTree = "<group>"; };
		5CC924431B69F212E0399523 /* Pods-Flixster-FlixsterUITests.release.xcconfig */ = {isa = PBXFileReference; includeInIndex = 1; lastKnownFileType = text.xcconfig; name = "Pods-Flixster-FlixsterUITests.release.xcconfig"; path = "Target Support Files/Pods-Flixster-FlixsterUITests/Pods-Flixster-FlixsterUITests.release.xcconfig"; sourceTree = "<group>"; };
		657D50415C80A6504EE3D367 /* Pods-FlixsterTests.release.xcconfig */ = {isa = PBXFileReference; includeInIndex = 1; lastKnownFileType = text.xcconfig; name = "Pods-FlixsterTests.release.xcconfig"; path = "Target Support Files/Pods-FlixsterTests/Pods-FlixsterTests.release.xcconfig"; sourceTree = "<group>"; };
		ACDDCDBFEE4C823F27777727 /* Pods_FlixsterTests.framework */ = {isa = PBXFileReference; explicitFileType = wrapper.framework; includeInIndex = 0; path = Pods_FlixsterTests.framework; sourceTree = BUILT_PRODUCTS_DIR; };
		B1106B6D619BBC43DF77F223 /* Pods_Flixster_FlixsterUITests.framework */ = {isa = PBXFileReference; explicitFileType = wrapper.framework; includeInIndex = 0; path = Pods_Flixster_FlixsterUITests.framework; sourceTree = BUILT_PRODUCTS_DIR; };
		B2A0F04C0062731190C6C343 /* Pods_Flixster.framework */ = {isa = PBXFileReference; explicitFileType = wrapper.framework; includeInIndex = 0; path = Pods_Flixster.framework; sourceTree = BUILT_PRODUCTS_DIR; };
		CE1B9C4325218D6800807B3B /* MoviesViewController.swift */ = {isa = PBXFileReference; lastKnownFileType = sourcecode.swift; path = MoviesViewController.swift; sourceTree = "<group>"; };
		CE76B7A52521969E00C4927E /* MovieCell.swift */ = {isa = PBXFileReference; lastKnownFileType = sourcecode.swift; path = MovieCell.swift; sourceTree = "<group>"; };
		CEB2FD6225184F750092C6EB /* Flixster.app */ = {isa = PBXFileReference; explicitFileType = wrapper.application; includeInIndex = 0; path = Flixster.app; sourceTree = BUILT_PRODUCTS_DIR; };
		CEB2FD6525184F750092C6EB /* AppDelegate.swift */ = {isa = PBXFileReference; lastKnownFileType = sourcecode.swift; path = AppDelegate.swift; sourceTree = "<group>"; };
		CEB2FD6725184F750092C6EB /* SceneDelegate.swift */ = {isa = PBXFileReference; lastKnownFileType = sourcecode.swift; path = SceneDelegate.swift; sourceTree = "<group>"; };
		CEB2FD6C25184F760092C6EB /* Base */ = {isa = PBXFileReference; lastKnownFileType = file.storyboard; name = Base; path = Base.lproj/Main.storyboard; sourceTree = "<group>"; };
		CEB2FD6E25184F780092C6EB /* Assets.xcassets */ = {isa = PBXFileReference; lastKnownFileType = folder.assetcatalog; path = Assets.xcassets; sourceTree = "<group>"; };
		CEB2FD7125184F780092C6EB /* Base */ = {isa = PBXFileReference; lastKnownFileType = file.storyboard; name = Base; path = Base.lproj/LaunchScreen.storyboard; sourceTree = "<group>"; };
		CEB2FD7325184F780092C6EB /* Info.plist */ = {isa = PBXFileReference; lastKnownFileType = text.plist.xml; path = Info.plist; sourceTree = "<group>"; };
		CEB2FD7825184F790092C6EB /* FlixsterTests.xctest */ = {isa = PBXFileReference; explicitFileType = wrapper.cfbundle; includeInIndex = 0; path = FlixsterTests.xctest; sourceTree = BUILT_PRODUCTS_DIR; };
		CEB2FD7C25184F790092C6EB /* FlixsterTests.swift */ = {isa = PBXFileReference; lastKnownFileType = sourcecode.swift; path = FlixsterTests.swift; sourceTree = "<group>"; };
		CEB2FD7E25184F790092C6EB /* Info.plist */ = {isa = PBXFileReference; lastKnownFileType = text.plist.xml; path = Info.plist; sourceTree = "<group>"; };
		CEB2FD8325184F790092C6EB /* FlixsterUITests.xctest */ = {isa = PBXFileReference; explicitFileType = wrapper.cfbundle; includeInIndex = 0; path = FlixsterUITests.xctest; sourceTree = BUILT_PRODUCTS_DIR; };
		CEB2FD8725184F790092C6EB /* FlixsterUITests.swift */ = {isa = PBXFileReference; lastKnownFileType = sourcecode.swift; path = FlixsterUITests.swift; sourceTree = "<group>"; };
		CEB2FD8925184F790092C6EB /* Info.plist */ = {isa = PBXFileReference; lastKnownFileType = text.plist.xml; path = Info.plist; sourceTree = "<group>"; };
		EB859563A29183842B259C47 /* Pods-Flixster.debug.xcconfig */ = {isa = PBXFileReference; includeInIndex = 1; lastKnownFileType = text.xcconfig; name = "Pods-Flixster.debug.xcconfig"; path = "Target Support Files/Pods-Flixster/Pods-Flixster.debug.xcconfig"; sourceTree = "<group>"; };
/* End PBXFileReference section */

/* Begin PBXFrameworksBuildPhase section */
		CEB2FD5F25184F750092C6EB /* Frameworks */ = {
			isa = PBXFrameworksBuildPhase;
			buildActionMask = 2147483647;
			files = (
				614228A5ECA8F63BD450E322 /* Pods_Flixster.framework in Frameworks */,
			);
			runOnlyForDeploymentPostprocessing = 0;
		};
		CEB2FD7525184F790092C6EB /* Frameworks */ = {
			isa = PBXFrameworksBuildPhase;
			buildActionMask = 2147483647;
			files = (
				31FB70488E769C26365B0202 /* Pods_FlixsterTests.framework in Frameworks */,
			);
			runOnlyForDeploymentPostprocessing = 0;
		};
		CEB2FD8025184F790092C6EB /* Frameworks */ = {
			isa = PBXFrameworksBuildPhase;
			buildActionMask = 2147483647;
			files = (
				3AC6E362EA245E94CEA5616E /* Pods_Flixster_FlixsterUITests.framework in Frameworks */,
			);
			runOnlyForDeploymentPostprocessing = 0;
		};
/* End PBXFrameworksBuildPhase section */

/* Begin PBXGroup section */
		72965786DEE67125AED8652B /* Frameworks */ = {
			isa = PBXGroup;
			children = (
				B2A0F04C0062731190C6C343 /* Pods_Flixster.framework */,
				B1106B6D619BBC43DF77F223 /* Pods_Flixster_FlixsterUITests.framework */,
				ACDDCDBFEE4C823F27777727 /* Pods_FlixsterTests.framework */,
			);
			name = Frameworks;
			sourceTree = "<group>";
		};
		BDE1CFDFB9AFB395AD585484 /* Pods */ = {
			isa = PBXGroup;
			children = (
				EB859563A29183842B259C47 /* Pods-Flixster.debug.xcconfig */,
				267666BECDAE6A2FCA239C3C /* Pods-Flixster.release.xcconfig */,
				5355FC9D053EA8FB83121FDF /* Pods-Flixster-FlixsterUITests.debug.xcconfig */,
				5CC924431B69F212E0399523 /* Pods-Flixster-FlixsterUITests.release.xcconfig */,
				181CF72108FF555993C60042 /* Pods-FlixsterTests.debug.xcconfig */,
				657D50415C80A6504EE3D367 /* Pods-FlixsterTests.release.xcconfig */,
			);
			name = Pods;
			path = Pods;
			sourceTree = "<group>";
		};
		CEB2FD5925184F750092C6EB = {
			isa = PBXGroup;
			children = (
				CEB2FD6425184F750092C6EB /* Flixster */,
				CEB2FD7B25184F790092C6EB /* FlixsterTests */,
				CEB2FD8625184F790092C6EB /* FlixsterUITests */,
				CEB2FD6325184F750092C6EB /* Products */,
				BDE1CFDFB9AFB395AD585484 /* Pods */,
				72965786DEE67125AED8652B /* Frameworks */,
			);
			sourceTree = "<group>";
		};
		CEB2FD6325184F750092C6EB /* Products */ = {
			isa = PBXGroup;
			children = (
				CEB2FD6225184F750092C6EB /* Flixster.app */,
				CEB2FD7825184F790092C6EB /* FlixsterTests.xctest */,
				CEB2FD8325184F790092C6EB /* FlixsterUITests.xctest */,
			);
			name = Products;
			sourceTree = "<group>";
		};
		CEB2FD6425184F750092C6EB /* Flixster */ = {
			isa = PBXGroup;
			children = (
				CEB2FD6525184F750092C6EB /* AppDelegate.swift */,
				CEB2FD6725184F750092C6EB /* SceneDelegate.swift */,
				CEB2FD6B25184F760092C6EB /* Main.storyboard */,
				CEB2FD6E25184F780092C6EB /* Assets.xcassets */,
				CEB2FD7025184F780092C6EB /* LaunchScreen.storyboard */,
				CEB2FD7325184F780092C6EB /* Info.plist */,
				CE1B9C4325218D6800807B3B /* MoviesViewController.swift */,
				CE76B7A52521969E00C4927E /* MovieCell.swift */,
			);
			path = Flixster;
			sourceTree = "<group>";
		};
		CEB2FD7B25184F790092C6EB /* FlixsterTests */ = {
			isa = PBXGroup;
			children = (
				CEB2FD7C25184F790092C6EB /* FlixsterTests.swift */,
				CEB2FD7E25184F790092C6EB /* Info.plist */,
			);
			path = FlixsterTests;
			sourceTree = "<group>";
		};
		CEB2FD8625184F790092C6EB /* FlixsterUITests */ = {
			isa = PBXGroup;
			children = (
				CEB2FD8725184F790092C6EB /* FlixsterUITests.swift */,
				CEB2FD8925184F790092C6EB /* Info.plist */,
			);
			path = FlixsterUITests;
			sourceTree = "<group>";
		};
/* End PBXGroup section */

/* Begin PBXNativeTarget section */
		CEB2FD6125184F750092C6EB /* Flixster */ = {
			isa = PBXNativeTarget;
			buildConfigurationList = CEB2FD8C25184F790092C6EB /* Build configuration list for PBXNativeTarget "Flixster" */;
			buildPhases = (
				496A004B055B64952B0FF69E /* [CP] Check Pods Manifest.lock */,
				CEB2FD5E25184F750092C6EB /* Sources */,
				CEB2FD5F25184F750092C6EB /* Frameworks */,
				CEB2FD6025184F750092C6EB /* Resources */,
				FF46D0D76428B6A79CD50623 /* [CP] Embed Pods Frameworks */,
			);
			buildRules = (
			);
			dependencies = (
			);
			name = Flixster;
			productName = Flixster;
			productReference = CEB2FD6225184F750092C6EB /* Flixster.app */;
			productType = "com.apple.product-type.application";
		};
		CEB2FD7725184F790092C6EB /* FlixsterTests */ = {
			isa = PBXNativeTarget;
			buildConfigurationList = CEB2FD8F25184F790092C6EB /* Build configuration list for PBXNativeTarget "FlixsterTests" */;
			buildPhases = (
				91B20B970CA982D86321674E /* [CP] Check Pods Manifest.lock */,
				CEB2FD7425184F790092C6EB /* Sources */,
				CEB2FD7525184F790092C6EB /* Frameworks */,
				CEB2FD7625184F790092C6EB /* Resources */,
			);
			buildRules = (
			);
			dependencies = (
				CEB2FD7A25184F790092C6EB /* PBXTargetDependency */,
			);
			name = FlixsterTests;
			productName = FlixsterTests;
			productReference = CEB2FD7825184F790092C6EB /* FlixsterTests.xctest */;
			productType = "com.apple.product-type.bundle.unit-test";
		};
		CEB2FD8225184F790092C6EB /* FlixsterUITests */ = {
			isa = PBXNativeTarget;
			buildConfigurationList = CEB2FD9225184F790092C6EB /* Build configuration list for PBXNativeTarget "FlixsterUITests" */;
			buildPhases = (
				FCB506D79D69EE775A84A1D1 /* [CP] Check Pods Manifest.lock */,
				CEB2FD7F25184F790092C6EB /* Sources */,
				CEB2FD8025184F790092C6EB /* Frameworks */,
				CEB2FD8125184F790092C6EB /* Resources */,
				7D75CB423840EFC5D0A59405 /* [CP] Embed Pods Frameworks */,
			);
			buildRules = (
			);
			dependencies = (
				CEB2FD8525184F790092C6EB /* PBXTargetDependency */,
			);
			name = FlixsterUITests;
			productName = FlixsterUITests;
			productReference = CEB2FD8325184F790092C6EB /* FlixsterUITests.xctest */;
			productType = "com.apple.product-type.bundle.ui-testing";
		};
/* End PBXNativeTarget section */

/* Begin PBXProject section */
		CEB2FD5A25184F750092C6EB /* Project object */ = {
			isa = PBXProject;
			attributes = {
				LastSwiftUpdateCheck = 1200;
				LastUpgradeCheck = 1200;
				TargetAttributes = {
					CEB2FD6125184F750092C6EB = {
						CreatedOnToolsVersion = 12.0;
					};
					CEB2FD7725184F790092C6EB = {
						CreatedOnToolsVersion = 12.0;
						TestTargetID = CEB2FD6125184F750092C6EB;
					};
					CEB2FD8225184F790092C6EB = {
						CreatedOnToolsVersion = 12.0;
						TestTargetID = CEB2FD6125184F750092C6EB;
					};
				};
			};
			buildConfigurationList = CEB2FD5D25184F750092C6EB /* Build configuration list for PBXProject "Flixster" */;
			compatibilityVersion = "Xcode 9.3";
			developmentRegion = en;
			hasScannedForEncodings = 0;
			knownRegions = (
				en,
				Base,
			);
			mainGroup = CEB2FD5925184F750092C6EB;
			productRefGroup = CEB2FD6325184F750092C6EB /* Products */;
			projectDirPath = "";
			projectRoot = "";
			targets = (
				CEB2FD6125184F750092C6EB /* Flixster */,
				CEB2FD7725184F790092C6EB /* FlixsterTests */,
				CEB2FD8225184F790092C6EB /* FlixsterUITests */,
			);
		};
/* End PBXProject section */

/* Begin PBXResourcesBuildPhase section */
		CEB2FD6025184F750092C6EB /* Resources */ = {
			isa = PBXResourcesBuildPhase;
			buildActionMask = 2147483647;
			files = (
				CEB2FD7225184F780092C6EB /* LaunchScreen.storyboard in Resources */,
				CEB2FD6F25184F780092C6EB /* Assets.xcassets in Resources */,
				CEB2FD6D25184F760092C6EB /* Main.storyboard in Resources */,
			);
			runOnlyForDeploymentPostprocessing = 0;
		};
		CEB2FD7625184F790092C6EB /* Resources */ = {
			isa = PBXResourcesBuildPhase;
			buildActionMask = 2147483647;
			files = (
			);
			runOnlyForDeploymentPostprocessing = 0;
		};
		CEB2FD8125184F790092C6EB /* Resources */ = {
			isa = PBXResourcesBuildPhase;
			buildActionMask = 2147483647;
			files = (
			);
			runOnlyForDeploymentPostprocessing = 0;
		};
/* End PBXResourcesBuildPhase section */

/* Begin PBXShellScriptBuildPhase section */
		496A004B055B64952B0FF69E /* [CP] Check Pods Manifest.lock */ = {
			isa = PBXShellScriptBuildPhase;
			buildActionMask = 2147483647;
			files = (
			);
			inputFileListPaths = (
			);
			inputPaths = (
				"${PODS_PODFILE_DIR_PATH}/Podfile.lock",
				"${PODS_ROOT}/Manifest.lock",
			);
			name = "[CP] Check Pods Manifest.lock";
			outputFileListPaths = (
			);
			outputPaths = (
				"$(DERIVED_FILE_DIR)/Pods-Flixster-checkManifestLockResult.txt",
			);
			runOnlyForDeploymentPostprocessing = 0;
			shellPath = /bin/sh;
			shellScript = "diff \"${PODS_PODFILE_DIR_PATH}/Podfile.lock\" \"${PODS_ROOT}/Manifest.lock\" > /dev/null\nif [ $? != 0 ] ; then\n    # print error to STDERR\n    echo \"error: The sandbox is not in sync with the Podfile.lock. Run 'pod install' or update your CocoaPods installation.\" >&2\n    exit 1\nfi\n# This output is used by Xcode 'outputs' to avoid re-running this script phase.\necho \"SUCCESS\" > \"${SCRIPT_OUTPUT_FILE_0}\"\n";
			showEnvVarsInLog = 0;
		};
		7D75CB423840EFC5D0A59405 /* [CP] Embed Pods Frameworks */ = {
			isa = PBXShellScriptBuildPhase;
			buildActionMask = 2147483647;
			files = (
			);
			inputFileListPaths = (
				"${PODS_ROOT}/Target Support Files/Pods-Flixster-FlixsterUITests/Pods-Flixster-FlixsterUITests-frameworks-${CONFIGURATION}-input-files.xcfilelist",
			);
			name = "[CP] Embed Pods Frameworks";
			outputFileListPaths = (
				"${PODS_ROOT}/Target Support Files/Pods-Flixster-FlixsterUITests/Pods-Flixster-FlixsterUITests-frameworks-${CONFIGURATION}-output-files.xcfilelist",
			);
			runOnlyForDeploymentPostprocessing = 0;
			shellPath = /bin/sh;
			shellScript = "\"${PODS_ROOT}/Target Support Files/Pods-Flixster-FlixsterUITests/Pods-Flixster-FlixsterUITests-frameworks.sh\"\n";
			showEnvVarsInLog = 0;
		};
		91B20B970CA982D86321674E /* [CP] Check Pods Manifest.lock */ = {
			isa = PBXShellScriptBuildPhase;
			buildActionMask = 2147483647;
			files = (
			);
			inputFileListPaths = (
			);
			inputPaths = (
				"${PODS_PODFILE_DIR_PATH}/Podfile.lock",
				"${PODS_ROOT}/Manifest.lock",
			);
			name = "[CP] Check Pods Manifest.lock";
			outputFileListPaths = (
			);
			outputPaths = (
				"$(DERIVED_FILE_DIR)/Pods-FlixsterTests-checkManifestLockResult.txt",
			);
			runOnlyForDeploymentPostprocessing = 0;
			shellPath = /bin/sh;
			shellScript = "diff \"${PODS_PODFILE_DIR_PATH}/Podfile.lock\" \"${PODS_ROOT}/Manifest.lock\" > /dev/null\nif [ $? != 0 ] ; then\n    # print error to STDERR\n    echo \"error: The sandbox is not in sync with the Podfile.lock. Run 'pod install' or update your CocoaPods installation.\" >&2\n    exit 1\nfi\n# This output is used by Xcode 'outputs' to avoid re-running this script phase.\necho \"SUCCESS\" > \"${SCRIPT_OUTPUT_FILE_0}\"\n";
			showEnvVarsInLog = 0;
		};
		FCB506D79D69EE775A84A1D1 /* [CP] Check Pods Manifest.lock */ = {
			isa = PBXShellScriptBuildPhase;
			buildActionMask = 2147483647;
			files = (
			);
			inputFileListPaths = (
			);
			inputPaths = (
				"${PODS_PODFILE_DIR_PATH}/Podfile.lock",
				"${PODS_ROOT}/Manifest.lock",
			);
			name = "[CP] Check Pods Manifest.lock";
			outputFileListPaths = (
			);
			outputPaths = (
				"$(DERIVED_FILE_DIR)/Pods-Flixster-FlixsterUITests-checkManifestLockResult.txt",
			);
			runOnlyForDeploymentPostprocessing = 0;
			shellPath = /bin/sh;
			shellScript = "diff \"${PODS_PODFILE_DIR_PATH}/Podfile.lock\" \"${PODS_ROOT}/Manifest.lock\" > /dev/null\nif [ $? != 0 ] ; then\n    # print error to STDERR\n    echo \"error: The sandbox is not in sync with the Podfile.lock. Run 'pod install' or update your CocoaPods installation.\" >&2\n    exit 1\nfi\n# This output is used by Xcode 'outputs' to avoid re-running this script phase.\necho \"SUCCESS\" > \"${SCRIPT_OUTPUT_FILE_0}\"\n";
			showEnvVarsInLog = 0;
		};
		FF46D0D76428B6A79CD50623 /* [CP] Embed Pods Frameworks */ = {
			isa = PBXShellScriptBuildPhase;
			buildActionMask = 2147483647;
			files = (
			);
			inputFileListPaths = (
				"${PODS_ROOT}/Target Support Files/Pods-Flixster/Pods-Flixster-frameworks-${CONFIGURATION}-input-files.xcfilelist",
			);
			name = "[CP] Embed Pods Frameworks";
			outputFileListPaths = (
				"${PODS_ROOT}/Target Support Files/Pods-Flixster/Pods-Flixster-frameworks-${CONFIGURATION}-output-files.xcfilelist",
			);
			runOnlyForDeploymentPostprocessing = 0;
			shellPath = /bin/sh;
			shellScript = "\"${PODS_ROOT}/Target Support Files/Pods-Flixster/Pods-Flixster-frameworks.sh\"\n";
			showEnvVarsInLog = 0;
		};
/* End PBXShellScriptBuildPhase section */

/* Begin PBXSourcesBuildPhase section */
		CEB2FD5E25184F750092C6EB /* Sources */ = {
			isa = PBXSourcesBuildPhase;
			buildActionMask = 2147483647;
			files = (
				CEB2FD6625184F750092C6EB /* AppDelegate.swift in Sources */,
				CEB2FD6825184F750092C6EB /* SceneDelegate.swift in Sources */,
				CE76B7A62521969F00C4927E /* MovieCell.swift in Sources */,
				CE1B9C4425218D6800807B3B /* MoviesViewController.swift in Sources */,
			);
			runOnlyForDeploymentPostprocessing = 0;
		};
		CEB2FD7425184F790092C6EB /* Sources */ = {
			isa = PBXSourcesBuildPhase;
			buildActionMask = 2147483647;
			files = (
				CEB2FD7D25184F790092C6EB /* FlixsterTests.swift in Sources */,
			);
			runOnlyForDeploymentPostprocessing = 0;
		};
		CEB2FD7F25184F790092C6EB /* Sources */ = {
			isa = PBXSourcesBuildPhase;
			buildActionMask = 2147483647;
			files = (
				CEB2FD8825184F790092C6EB /* FlixsterUITests.swift in Sources */,
			);
			runOnlyForDeploymentPostprocessing = 0;
		};
/* End PBXSourcesBuildPhase section */

/* Begin PBXTargetDependency section */
		CEB2FD7A25184F790092C6EB /* PBXTargetDependency */ = {
			isa = PBXTargetDependency;
			target = CEB2FD6125184F750092C6EB /* Flixster */;
			targetProxy = CEB2FD7925184F790092C6EB /* PBXContainerItemProxy */;
		};
		CEB2FD8525184F790092C6EB /* PBXTargetDependency */ = {
			isa = PBXTargetDependency;
			target = CEB2FD6125184F750092C6EB /* Flixster */;
			targetProxy = CEB2FD8425184F790092C6EB /* PBXContainerItemProxy */;
		};
/* End PBXTargetDependency section */

/* Begin PBXVariantGroup section */
		CEB2FD6B25184F760092C6EB /* Main.storyboard */ = {
			isa = PBXVariantGroup;
			children = (
				CEB2FD6C25184F760092C6EB /* Base */,
			);
			name = Main.storyboard;
			sourceTree = "<group>";
		};
		CEB2FD7025184F780092C6EB /* LaunchScreen.storyboard */ = {
			isa = PBXVariantGroup;
			children = (
				CEB2FD7125184F780092C6EB /* Base */,
			);
			name = LaunchScreen.storyboard;
			sourceTree = "<group>";
		};
/* End PBXVariantGroup section */

/* Begin XCBuildConfiguration section */
		CEB2FD8A25184F790092C6EB /* Debug */ = {
			isa = XCBuildConfiguration;
			buildSettings = {
				ALWAYS_SEARCH_USER_PATHS = NO;
				CLANG_ANALYZER_NONNULL = YES;
				CLANG_ANALYZER_NUMBER_OBJECT_CONVERSION = YES_AGGRESSIVE;
				CLANG_CXX_LANGUAGE_STANDARD = "gnu++14";
				CLANG_CXX_LIBRARY = "libc++";
				CLANG_ENABLE_MODULES = YES;
				CLANG_ENABLE_OBJC_ARC = YES;
				CLANG_ENABLE_OBJC_WEAK = YES;
				CLANG_WARN_BLOCK_CAPTURE_AUTORELEASING = YES;
				CLANG_WARN_BOOL_CONVERSION = YES;
				CLANG_WARN_COMMA = YES;
				CLANG_WARN_CONSTANT_CONVERSION = YES;
				CLANG_WARN_DEPRECATED_OBJC_IMPLEMENTATIONS = YES;
				CLANG_WARN_DIRECT_OBJC_ISA_USAGE = YES_ERROR;
				CLANG_WARN_DOCUMENTATION_COMMENTS = YES;
				CLANG_WARN_EMPTY_BODY = YES;
				CLANG_WARN_ENUM_CONVERSION = YES;
				CLANG_WARN_INFINITE_RECURSION = YES;
				CLANG_WARN_INT_CONVERSION = YES;
				CLANG_WARN_NON_LITERAL_NULL_CONVERSION = YES;
				CLANG_WARN_OBJC_IMPLICIT_RETAIN_SELF = YES;
				CLANG_WARN_OBJC_LITERAL_CONVERSION = YES;
				CLANG_WARN_OBJC_ROOT_CLASS = YES_ERROR;
				CLANG_WARN_QUOTED_INCLUDE_IN_FRAMEWORK_HEADER = YES;
				CLANG_WARN_RANGE_LOOP_ANALYSIS = YES;
				CLANG_WARN_STRICT_PROTOTYPES = YES;
				CLANG_WARN_SUSPICIOUS_MOVE = YES;
				CLANG_WARN_UNGUARDED_AVAILABILITY = YES_AGGRESSIVE;
				CLANG_WARN_UNREACHABLE_CODE = YES;
				CLANG_WARN__DUPLICATE_METHOD_MATCH = YES;
				COPY_PHASE_STRIP = NO;
				DEBUG_INFORMATION_FORMAT = dwarf;
				ENABLE_STRICT_OBJC_MSGSEND = YES;
				ENABLE_TESTABILITY = YES;
				GCC_C_LANGUAGE_STANDARD = gnu11;
				GCC_DYNAMIC_NO_PIC = NO;
				GCC_NO_COMMON_BLOCKS = YES;
				GCC_OPTIMIZATION_LEVEL = 0;
				GCC_PREPROCESSOR_DEFINITIONS = (
					"DEBUG=1",
					"$(inherited)",
				);
				GCC_WARN_64_TO_32_BIT_CONVERSION = YES;
				GCC_WARN_ABOUT_RETURN_TYPE = YES_ERROR;
				GCC_WARN_UNDECLARED_SELECTOR = YES;
				GCC_WARN_UNINITIALIZED_AUTOS = YES_AGGRESSIVE;
				GCC_WARN_UNUSED_FUNCTION = YES;
				GCC_WARN_UNUSED_VARIABLE = YES;
				IPHONEOS_DEPLOYMENT_TARGET = 14.0;
				MTL_ENABLE_DEBUG_INFO = INCLUDE_SOURCE;
				MTL_FAST_MATH = YES;
				ONLY_ACTIVE_ARCH = YES;
				SDKROOT = iphoneos;
				SWIFT_ACTIVE_COMPILATION_CONDITIONS = DEBUG;
				SWIFT_OPTIMIZATION_LEVEL = "-Onone";
			};
			name = Debug;
		};
		CEB2FD8B25184F790092C6EB /* Release */ = {
			isa = XCBuildConfiguration;
			buildSettings = {
				ALWAYS_SEARCH_USER_PATHS = NO;
				CLANG_ANALYZER_NONNULL = YES;
				CLANG_ANALYZER_NUMBER_OBJECT_CONVERSION = YES_AGGRESSIVE;
				CLANG_CXX_LANGUAGE_STANDARD = "gnu++14";
				CLANG_CXX_LIBRARY = "libc++";
				CLANG_ENABLE_MODULES = YES;
				CLANG_ENABLE_OBJC_ARC = YES;
				CLANG_ENABLE_OBJC_WEAK = YES;
				CLANG_WARN_BLOCK_CAPTURE_AUTORELEASING = YES;
				CLANG_WARN_BOOL_CONVERSION = YES;
				CLANG_WARN_COMMA = YES;
				CLANG_WARN_CONSTANT_CONVERSION = YES;
				CLANG_WARN_DEPRECATED_OBJC_IMPLEMENTATIONS = YES;
				CLANG_WARN_DIRECT_OBJC_ISA_USAGE = YES_ERROR;
				CLANG_WARN_DOCUMENTATION_COMMENTS = YES;
				CLANG_WARN_EMPTY_BODY = YES;
				CLANG_WARN_ENUM_CONVERSION = YES;
				CLANG_WARN_INFINITE_RECURSION = YES;
				CLANG_WARN_INT_CONVERSION = YES;
				CLANG_WARN_NON_LITERAL_NULL_CONVERSION = YES;
				CLANG_WARN_OBJC_IMPLICIT_RETAIN_SELF = YES;
				CLANG_WARN_OBJC_LITERAL_CONVERSION = YES;
				CLANG_WARN_OBJC_ROOT_CLASS = YES_ERROR;
				CLANG_WARN_QUOTED_INCLUDE_IN_FRAMEWORK_HEADER = YES;
				CLANG_WARN_RANGE_LOOP_ANALYSIS = YES;
				CLANG_WARN_STRICT_PROTOTYPES = YES;
				CLANG_WARN_SUSPICIOUS_MOVE = YES;
				CLANG_WARN_UNGUARDED_AVAILABILITY = YES_AGGRESSIVE;
				CLANG_WARN_UNREACHABLE_CODE = YES;
				CLANG_WARN__DUPLICATE_METHOD_MATCH = YES;
				COPY_PHASE_STRIP = NO;
				DEBUG_INFORMATION_FORMAT = "dwarf-with-dsym";
				ENABLE_NS_ASSERTIONS = NO;
				ENABLE_STRICT_OBJC_MSGSEND = YES;
				GCC_C_LANGUAGE_STANDARD = gnu11;
				GCC_NO_COMMON_BLOCKS = YES;
				GCC_WARN_64_TO_32_BIT_CONVERSION = YES;
				GCC_WARN_ABOUT_RETURN_TYPE = YES_ERROR;
				GCC_WARN_UNDECLARED_SELECTOR = YES;
				GCC_WARN_UNINITIALIZED_AUTOS = YES_AGGRESSIVE;
				GCC_WARN_UNUSED_FUNCTION = YES;
				GCC_WARN_UNUSED_VARIABLE = YES;
				IPHONEOS_DEPLOYMENT_TARGET = 14.0;
				MTL_ENABLE_DEBUG_INFO = NO;
				MTL_FAST_MATH = YES;
				SDKROOT = iphoneos;
				SWIFT_COMPILATION_MODE = wholemodule;
				SWIFT_OPTIMIZATION_LEVEL = "-O";
				VALIDATE_PRODUCT = YES;
			};
			name = Release;
		};
		CEB2FD8D25184F790092C6EB /* Debug */ = {
			isa = XCBuildConfiguration;
			baseConfigurationReference = EB859563A29183842B259C47 /* Pods-Flixster.debug.xcconfig */;
			buildSettings = {
				ASSETCATALOG_COMPILER_APPICON_NAME = AppIcon;
				ASSETCATALOG_COMPILER_GLOBAL_ACCENT_COLOR_NAME = AccentColor;
				CODE_SIGN_STYLE = Automatic;
				INFOPLIST_FILE = Flixster/Info.plist;
				LD_RUNPATH_SEARCH_PATHS = (
					"$(inherited)",
					"@executable_path/Frameworks",
				);
				PRODUCT_BUNDLE_IDENTIFIER = Yusuf.Flixster;
				PRODUCT_NAME = "$(TARGET_NAME)";
				SWIFT_VERSION = 5.0;
				TARGETED_DEVICE_FAMILY = "1,2";
			};
			name = Debug;
		};
		CEB2FD8E25184F790092C6EB /* Release */ = {
			isa = XCBuildConfiguration;
			baseConfigurationReference = 267666BECDAE6A2FCA239C3C /* Pods-Flixster.release.xcconfig */;
			buildSettings = {
				ASSETCATALOG_COMPILER_APPICON_NAME = AppIcon;
				ASSETCATALOG_COMPILER_GLOBAL_ACCENT_COLOR_NAME = AccentColor;
				CODE_SIGN_STYLE = Automatic;
				INFOPLIST_FILE = Flixster/Info.plist;
				LD_RUNPATH_SEARCH_PATHS = (
					"$(inherited)",
					"@executable_path/Frameworks",
				);
				PRODUCT_BUNDLE_IDENTIFIER = Yusuf.Flixster;
				PRODUCT_NAME = "$(TARGET_NAME)";
				SWIFT_VERSION = 5.0;
				TARGETED_DEVICE_FAMILY = "1,2";
			};
			name = Release;
		};
		CEB2FD9025184F790092C6EB /* Debug */ = {
			isa = XCBuildConfiguration;
			baseConfigurationReference = 181CF72108FF555993C60042 /* Pods-FlixsterTests.debug.xcconfig */;
			buildSettings = {
				ALWAYS_EMBED_SWIFT_STANDARD_LIBRARIES = YES;
				BUNDLE_LOADER = "$(TEST_HOST)";
				CODE_SIGN_STYLE = Automatic;
				INFOPLIST_FILE = FlixsterTests/Info.plist;
				IPHONEOS_DEPLOYMENT_TARGET = 14.0;
				LD_RUNPATH_SEARCH_PATHS = (
					"$(inherited)",
					"@executable_path/Frameworks",
					"@loader_path/Frameworks",
				);
				PRODUCT_BUNDLE_IDENTIFIER = Yusuf.FlixsterTests;
				PRODUCT_NAME = "$(TARGET_NAME)";
				SWIFT_VERSION = 5.0;
				TARGETED_DEVICE_FAMILY = "1,2";
				TEST_HOST = "$(BUILT_PRODUCTS_DIR)/Flixster.app/Flixster";
			};
			name = Debug;
		};
		CEB2FD9125184F790092C6EB /* Release */ = {
			isa = XCBuildConfiguration;
			baseConfigurationReference = 657D50415C80A6504EE3D367 /* Pods-FlixsterTests.release.xcconfig */;
			buildSettings = {
				ALWAYS_EMBED_SWIFT_STANDARD_LIBRARIES = YES;
				BUNDLE_LOADER = "$(TEST_HOST)";
				CODE_SIGN_STYLE = Automatic;
				INFOPLIST_FILE = FlixsterTests/Info.plist;
				IPHONEOS_DEPLOYMENT_TARGET = 14.0;
				LD_RUNPATH_SEARCH_PATHS = (
					"$(inherited)",
					"@executable_path/Frameworks",
					"@loader_path/Frameworks",
				);
				PRODUCT_BUNDLE_IDENTIFIER = Yusuf.FlixsterTests;
				PRODUCT_NAME = "$(TARGET_NAME)";
				SWIFT_VERSION = 5.0;
				TARGETED_DEVICE_FAMILY = "1,2";
				TEST_HOST = "$(BUILT_PRODUCTS_DIR)/Flixster.app/Flixster";
			};
			name = Release;
		};
		CEB2FD9325184F790092C6EB /* Debug */ = {
			isa = XCBuildConfiguration;
			baseConfigurationReference = 5355FC9D053EA8FB83121FDF /* Pods-Flixster-FlixsterUITests.debug.xcconfig */;
			buildSettings = {
				ALWAYS_EMBED_SWIFT_STANDARD_LIBRARIES = YES;
				CODE_SIGN_STYLE = Automatic;
				INFOPLIST_FILE = FlixsterUITests/Info.plist;
				LD_RUNPATH_SEARCH_PATHS = (
					"$(inherited)",
					"@executable_path/Frameworks",
					"@loader_path/Frameworks",
				);
				PRODUCT_BUNDLE_IDENTIFIER = Yusuf.FlixsterUITests;
				PRODUCT_NAME = "$(TARGET_NAME)";
				SWIFT_VERSION = 5.0;
				TARGETED_DEVICE_FAMILY = "1,2";
				TEST_TARGET_NAME = Flixster;
			};
			name = Debug;
		};
		CEB2FD9425184F790092C6EB /* Release */ = {
			isa = XCBuildConfiguration;
			baseConfigurationReference = 5CC924431B69F212E0399523 /* Pods-Flixster-FlixsterUITests.release.xcconfig */;
			buildSettings = {
				ALWAYS_EMBED_SWIFT_STANDARD_LIBRARIES = YES;
				CODE_SIGN_STYLE = Automatic;
				INFOPLIST_FILE = FlixsterUITests/Info.plist;
				LD_RUNPATH_SEARCH_PATHS = (
					"$(inherited)",
					"@executable_path/Frameworks",
					"@loader_path/Frameworks",
				);
				PRODUCT_BUNDLE_IDENTIFIER = Yusuf.FlixsterUITests;
				PRODUCT_NAME = "$(TARGET_NAME)";
				SWIFT_VERSION = 5.0;
				TARGETED_DEVICE_FAMILY = "1,2";
				TEST_TARGET_NAME = Flixster;
			};
			name = Release;
		};
/* End XCBuildConfiguration section */

/* Begin XCConfigurationList section */
		CEB2FD5D25184F750092C6EB /* Build configuration list for PBXProject "Flixster" */ = {
			isa = XCConfigurationList;
			buildConfigurations = (
				CEB2FD8A25184F790092C6EB /* Debug */,
				CEB2FD8B25184F790092C6EB /* Release */,
			);
			defaultConfigurationIsVisible = 0;
			defaultConfigurationName = Release;
		};
		CEB2FD8C25184F790092C6EB /* Build configuration list for PBXNativeTarget "Flixster" */ = {
			isa = XCConfigurationList;
			buildConfigurations = (
				CEB2FD8D25184F790092C6EB /* Debug */,
				CEB2FD8E25184F790092C6EB /* Release */,
			);
			defaultConfigurationIsVisible = 0;
			defaultConfigurationName = Release;
		};
		CEB2FD8F25184F790092C6EB /* Build configuration list for PBXNativeTarget "FlixsterTests" */ = {
			isa = XCConfigurationList;
			buildConfigurations = (
				CEB2FD9025184F790092C6EB /* Debug */,
				CEB2FD9125184F790092C6EB /* Release */,
			);
			defaultConfigurationIsVisible = 0;
			defaultConfigurationName = Release;
		};
		CEB2FD9225184F790092C6EB /* Build configuration list for PBXNativeTarget "FlixsterUITests" */ = {
			isa = XCConfigurationList;
			buildConfigurations = (
				CEB2FD9325184F790092C6EB /* Debug */,
				CEB2FD9425184F790092C6EB /* Release */,
			);
			defaultConfigurationIsVisible = 0;
			defaultConfigurationName = Release;
		};
/* End XCConfigurationList section */
	};
	rootObject = CEB2FD5A25184F750092C6EB /* Project object */;
}
